
Microsoft Visual Studio Solution File, Format Version 12.00
# Visual Studio Version 17
VisualStudioVersion = 17.14.36511.14 d17.14
MinimumVisualStudioVersion = 10.0.40219.1
Project("{2150E333-8FDC-42A3-9474-1A3956D46DE8}") = "Task0", "Task0", "{02EA681E-C7D8-13C7-8484-4AC65E1B71E8}"
EndProject
Project("{FAE04EC0-301F-11D3-BF4B-00C04F79EFBC}") = "Tyuiu.DolganovAV.Sprint2.Task0.V10", "Tyuiu.DolganovAV.Sprint2.Task0.V10\Tyuiu.DolganovAV.Sprint2.Task0.V10.csproj", "{8D854064-00C1-45DC-8718-28355C828F1F}"
EndProject
Project("{FAE04EC0-301F-11D3-BF4B-00C04F79EFBC}") = "Tyuiu.DolganovAV.Sprint2.Task0.V10.Lib", "Tyuiu.DolganovAV.Sprint2.Task0.V10.Lib\Tyuiu.DolganovAV.Sprint2.Task0.V10.Lib.csproj", "{6335DFA9-603C-4BB2-8DE8-243BFB761817}"
EndProject
Project("{FAE04EC0-301F-11D3-BF4B-00C04F79EFBC}") = "Tyuiu.DolganovAV.Sprint2.Task0.V10.Test", "Tyuiu.DolganovAV.Sprint2.Task0.V10.Test\Tyuiu.DolganovAV.Sprint2.Task0.V10.Test.csproj", "{E753827F-E593-40DE-B28C-F8F81BBCE2A1}"
EndProject
Project("{2150E333-8FDC-42A3-9474-1A3956D46DE8}") = "Task1", "Task1", "{EDC97645-3E6D-4742-804D-312546C5117B}"
EndProject
Project("{FAE04EC0-301F-11D3-BF4B-00C04F79EFBC}") = "Tyuiu.DolganovAV.Sprint1.Task1.V17", "Tyuiu.DolganovAV.Sprint1.Task1.V17\Tyuiu.DolganovAV.Sprint1.Task1.V17.csproj", "{30A57919-E877-4F89-A6AC-20C217D576DE}"
EndProject
Project("{FAE04EC0-301F-11D3-BF4B-00C04F79EFBC}") = "Tyuiu.DolganovAV.Sprint1.Task1.V17.Lib", "Tyuiu.DolganovAV.Sprint1.Task1.V17.Lib\Tyuiu.DolganovAV.Sprint1.Task1.V17.Lib.csproj", "{BF667DF5-CB7A-4CBE-9E33-2B69482E11D7}"
EndProject
Project("{FAE04EC0-301F-11D3-BF4B-00C04F79EFBC}") = "Tyuiu.DolganovAV.Sprint1.Task1.V17.Test", "Tyuiu.DolganovAV.Sprint1.Task1.V17.Test\Tyuiu.DolganovAV.Sprint1.Task1.V17.Test.csproj", "{D583FAE2-B7F8-4646-B0D0-E73C6772C349}"
EndProject
Global
	GlobalSection(SolutionConfigurationPlatforms) = preSolution
		Debug|Any CPU = Debug|Any CPU
		Release|Any CPU = Release|Any CPU
	EndGlobalSection
	GlobalSection(ProjectConfigurationPlatforms) = postSolution
		{8D854064-00C1-45DC-8718-28355C828F1F}.Debug|Any CPU.ActiveCfg = Debug|Any CPU
		{8D854064-00C1-45DC-8718-28355C828F1F}.Debug|Any CPU.Build.0 = Debug|Any CPU
		{8D854064-00C1-45DC-8718-28355C828F1F}.Release|Any CPU.ActiveCfg = Release|Any CPU
		{8D854064-00C1-45DC-8718-28355C828F1F}.Release|Any CPU.Build.0 = Release|Any CPU
		{6335DFA9-603C-4BB2-8DE8-243BFB761817}.Debug|Any CPU.ActiveCfg = Debug|Any CPU
		{6335DFA9-603C-4BB2-8DE8-243BFB761817}.Debug|Any CPU.Build.0 = Debug|Any CPU
		{6335DFA9-603C-4BB2-8DE8-243BFB761817}.Release|Any CPU.ActiveCfg = Release|Any CPU
		{6335DFA9-603C-4BB2-8DE8-243BFB761817}.Release|Any CPU.Build.0 = Release|Any CPU
		{E753827F-E593-40DE-B28C-F8F81BBCE2A1}.Debug|Any CPU.ActiveCfg = Debug|Any CPU
		{E753827F-E593-40DE-B28C-F8F81BBCE2A1}.Debug|Any CPU.Build.0 = Debug|Any CPU
		{E753827F-E593-40DE-B28C-F8F81BBCE2A1}.Release|Any CPU.ActiveCfg = Release|Any CPU
		{E753827F-E593-40DE-B28C-F8F81BBCE2A1}.Release|Any CPU.Build.0 = Release|Any CPU
		{30A57919-E877-4F89-A6AC-20C217D576DE}.Debug|Any CPU.ActiveCfg = Debug|Any CPU
		{30A57919-E877-4F89-A6AC-20C217D576DE}.Debug|Any CPU.Build.0 = Debug|Any CPU
		{30A57919-E877-4F89-A6AC-20C217D576DE}.Release|Any CPU.ActiveCfg = Release|Any CPU
		{30A57919-E877-4F89-A6AC-20C217D576DE}.Release|Any CPU.Build.0 = Release|Any CPU
		{BF667DF5-CB7A-4CBE-9E33-2B69482E11D7}.Debug|Any CPU.ActiveCfg = Debug|Any CPU
		{BF667DF5-CB7A-4CBE-9E33-2B69482E11D7}.Debug|Any CPU.Build.0 = Debug|Any CPU
		{BF667DF5-CB7A-4CBE-9E33-2B69482E11D7}.Release|Any CPU.ActiveCfg = Release|Any CPU
		{BF667DF5-CB7A-4CBE-9E33-2B69482E11D7}.Release|Any CPU.Build.0 = Release|Any CPU
		{D583FAE2-B7F8-4646-B0D0-E73C6772C349}.Debug|Any CPU.ActiveCfg = Debug|Any CPU
		{D583FAE2-B7F8-4646-B0D0-E73C6772C349}.Debug|Any CPU.Build.0 = Debug|Any CPU
		{D583FAE2-B7F8-4646-B0D0-E73C6772C349}.Release|Any CPU.ActiveCfg = Release|Any CPU
		{D583FAE2-B7F8-4646-B0D0-E73C6772C349}.Release|Any CPU.Build.0 = Release|Any CPU
	EndGlobalSection
	GlobalSection(SolutionProperties) = preSolution
		HideSolutionNode = FALSE
	EndGlobalSection
	GlobalSection(NestedProjects) = preSolution
		{8D854064-00C1-45DC-8718-28355C828F1F} = {02EA681E-C7D8-13C7-8484-4AC65E1B71E8}
		{6335DFA9-603C-4BB2-8DE8-243BFB761817} = {02EA681E-C7D8-13C7-8484-4AC65E1B71E8}
		{E753827F-E593-40DE-B28C-F8F81BBCE2A1} = {02EA681E-C7D8-13C7-8484-4AC65E1B71E8}
		{30A57919-E877-4F89-A6AC-20C217D576DE} = {EDC97645-3E6D-4742-804D-312546C5117B}
		{BF667DF5-CB7A-4CBE-9E33-2B69482E11D7} = {EDC97645-3E6D-4742-804D-312546C5117B}
		{D583FAE2-B7F8-4646-B0D0-E73C6772C349} = {EDC97645-3E6D-4742-804D-312546C5117B}
	EndGlobalSection
	GlobalSection(ExtensibilityGlobals) = postSolution
		SolutionGuid = {218BBE66-45EA-49E2-9F9B-607E79E5E479}
	EndGlobalSection
EndGlobal
