
Microsoft Visual Studio Solution File, Format Version 12.00
# Visual Studio Version 17
VisualStudioVersion = 17.14.36511.14
MinimumVisualStudioVersion = 10.0.40219.1
Project("{2150E333-8FDC-42A3-9474-1A3956D46DE8}") = "Task0", "Task0", "{02EA681E-C7D8-13C7-8484-4AC65E1B71E8}"
EndProject
Project("{FAE04EC0-301F-11D3-BF4B-00C04F79EFBC}") = "Tyuiu.DolganovAV.Sprint2.Task0.V10", "Tyuiu.DolganovAV.Sprint2.Task0.V10\Tyuiu.DolganovAV.Sprint2.Task0.V10.csproj", "{8D854064-00C1-45DC-8718-28355C828F1F}"
EndProject
Project("{FAE04EC0-301F-11D3-BF4B-00C04F79EFBC}") = "Tyuiu.DolganovAV.Sprint2.Task0.V10.Lib", "Tyuiu.DolganovAV.Sprint2.Task0.V10.Lib\Tyuiu.DolganovAV.Sprint2.Task0.V10.Lib.csproj", "{6335DFA9-603C-4BB2-8DE8-243BFB761817}"
EndProject
Project("{FAE04EC0-301F-11D3-BF4B-00C04F79EFBC}") = "Tyuiu.DolganovAV.Sprint2.Task0.V10.Test", "Tyuiu.DolganovAV.Sprint2.Task0.V10.Test\Tyuiu.DolganovAV.Sprint2.Task0.V10.Test.csproj", "{E753827F-E593-40DE-B28C-F8F81BBCE2A1}"
EndProject
Project("{2150E333-8FDC-42A3-9474-1A3956D46DE8}") = "Task1", "Task1", "{EDC97645-3E6D-4742-804D-312546C5117B}"
EndProject
Project("{FAE04EC0-301F-11D3-BF4B-00C04F79EFBC}") = "Tyuiu.DolganovAV.Sprint2.Task1.V17", "Tyuiu.DolganovAV.Sprint2.Task1.V17\Tyuiu.DolganovAV.Sprint2.Task1.V17.csproj", "{B547D0E1-0BF8-486A-BC32-B01E6CE7D2B5}"
EndProject
Project("{FAE04EC0-301F-11D3-BF4B-00C04F79EFBC}") = "Tyuiu.DolganovAV.Sprint2.Task1.V17.Lib", "Tyuiu.DolganovAV.Sprint2.Task1.V17.Lib\Tyuiu.DolganovAV.Sprint2.Task1.V17.Lib.csproj", "{49CD59A1-9B74-4E44-80AB-976C53E1D8DA}"
EndProject
Project("{FAE04EC0-301F-11D3-BF4B-00C04F79EFBC}") = "Tyuiu.DolganovAV.Sprint2.Task1.V17.Test", "Tyuiu.DolganovAV.Sprint2.Task1.V17.Test\Tyuiu.DolganovAV.Sprint2.Task1.V17.Test.csproj", "{6CCFDD8A-39B0-4B54-AFD0-7C248570DC27}"
EndProject
Project("{2150E333-8FDC-42A3-9474-1A3956D46DE8}") = "Task2", "Task2", "{28DE432A-575E-4AD6-A440-A2FD87BA6D29}"
EndProject
Project("{FAE04EC0-301F-11D3-BF4B-00C04F79EFBC}") = "Tyuiu.DolganovAV.Sprint2.Task2.V4", "Tyuiu.DolganovAV.Sprint2.Task2.V4\Tyuiu.DolganovAV.Sprint2.Task2.V4.csproj", "{8D26B5B8-D113-41D2-AB2D-774B4AD0B0E3}"
EndProject
Project("{FAE04EC0-301F-11D3-BF4B-00C04F79EFBC}") = "Tyuiu.DolganovAV.Sprint2.Task2.V4.Lib", "Tyuiu.DolganovAV.Sprint2.Task2.V4.Lib\Tyuiu.DolganovAV.Sprint2.Task2.V4.Lib.csproj", "{385D5BBC-00FB-4E46-9C09-D75B5DFD62C1}"
EndProject
Project("{FAE04EC0-301F-11D3-BF4B-00C04F79EFBC}") = "Tyuiu.DolganovAV.Sprint2.Task2.V4.Test", "Tyuiu.DolganovAV.Sprint2.Task2.V4.Test\Tyuiu.DolganovAV.Sprint2.Task2.V4.Test.csproj", "{02C608B9-4B05-4BD4-8B84-5FC19476F12C}"
EndProject
Project("{2150E333-8FDC-42A3-9474-1A3956D46DE8}") = "Task3", "Task3", "{B48AB388-7B24-4560-AC07-4E3611AF3391}"
EndProject
Project("{FAE04EC0-301F-11D3-BF4B-00C04F79EFBC}") = "Tyuiu.DolganovAV.Sprint2.Task3.V18", "Tyuiu.DolganovAV.Sprint2.Task3.V18\Tyuiu.DolganovAV.Sprint2.Task3.V18.csproj", "{2213136D-CC52-484A-92EB-A8338FCAAAA5}"
EndProject
Project("{FAE04EC0-301F-11D3-BF4B-00C04F79EFBC}") = "Tyuiu.DolganovAV.Sprint2.Task3.V18.Lib", "Tyuiu.DolganovAV.Sprint2.Task3.V18.Lib\Tyuiu.DolganovAV.Sprint2.Task3.V18.Lib.csproj", "{42A316E1-A8C7-44A0-B0B1-8AC8771F2B98}"
EndProject
Project("{FAE04EC0-301F-11D3-BF4B-00C04F79EFBC}") = "Tyuiu.DolganovAV.Sprint2.Task3.V18.Test", "Tyuiu.DolganovAV.Sprint2.Task3.V18.Test\Tyuiu.DolganovAV.Sprint2.Task3.V18.Test.csproj", "{9B9E5C1F-CA1B-474A-A79C-DB1536C11C81}"
EndProject
Project("{2150E333-8FDC-42A3-9474-1A3956D46DE8}") = "Task4", "Task4", "{2D110C7A-F4D5-438F-AD77-84BFDE1AD3D7}"
EndProject
Project("{FAE04EC0-301F-11D3-BF4B-00C04F79EFBC}") = "Tyuiu.DolganovAV.Sprint2.Task4.V15", "Tyuiu.DolganovAV.Sprint2.Task4.V15\Tyuiu.DolganovAV.Sprint2.Task4.V15.csproj", "{BCAB53B8-261B-4605-A4E0-2D6CFDABA98D}"
EndProject
Project("{FAE04EC0-301F-11D3-BF4B-00C04F79EFBC}") = "Tyuiu.DolganovAV.Sprint2.Task4.V15.Test", "Tyuiu.DolganovAV.Sprint2.Task4.V15.Test\Tyuiu.DolganovAV.Sprint2.Task4.V15.Test.csproj", "{9198FB24-D258-4A2B-8B71-36AE29C9E77B}"
EndProject
Project("{FAE04EC0-301F-11D3-BF4B-00C04F79EFBC}") = "Tyuiu.DolganovAV.Sprint2.Task4.V15.Lib", "Tyuiu.DolganovAV.Sprint2.Task4.V15.Lib\Tyuiu.DolganovAV.Sprint2.Task4.V15.Lib.csproj", "{6A781380-2990-448D-B436-1C6EED93ADE0}"
EndProject
Global
	GlobalSection(SolutionConfigurationPlatforms) = preSolution
		Debug|Any CPU = Debug|Any CPU
		Release|Any CPU = Release|Any CPU
	EndGlobalSection
	GlobalSection(ProjectConfigurationPlatforms) = postSolution
		{8D854064-00C1-45DC-8718-28355C828F1F}.Debug|Any CPU.ActiveCfg = Debug|Any CPU
		{8D854064-00C1-45DC-8718-28355C828F1F}.Debug|Any CPU.Build.0 = Debug|Any CPU
		{8D854064-00C1-45DC-8718-28355C828F1F}.Release|Any CPU.ActiveCfg = Release|Any CPU
		{8D854064-00C1-45DC-8718-28355C828F1F}.Release|Any CPU.Build.0 = Release|Any CPU
		{6335DFA9-603C-4BB2-8DE8-243BFB761817}.Debug|Any CPU.ActiveCfg = Debug|Any CPU
		{6335DFA9-603C-4BB2-8DE8-243BFB761817}.Debug|Any CPU.Build.0 = Debug|Any CPU
		{6335DFA9-603C-4BB2-8DE8-243BFB761817}.Release|Any CPU.ActiveCfg = Release|Any CPU
		{6335DFA9-603C-4BB2-8DE8-243BFB761817}.Release|Any CPU.Build.0 = Release|Any CPU
		{E753827F-E593-40DE-B28C-F8F81BBCE2A1}.Debug|Any CPU.ActiveCfg = Debug|Any CPU
		{E753827F-E593-40DE-B28C-F8F81BBCE2A1}.Debug|Any CPU.Build.0 = Debug|Any CPU
		{E753827F-E593-40DE-B28C-F8F81BBCE2A1}.Release|Any CPU.ActiveCfg = Release|Any CPU
		{E753827F-E593-40DE-B28C-F8F81BBCE2A1}.Release|Any CPU.Build.0 = Release|Any CPU
		{B547D0E1-0BF8-486A-BC32-B01E6CE7D2B5}.Debug|Any CPU.ActiveCfg = Debug|Any CPU
		{B547D0E1-0BF8-486A-BC32-B01E6CE7D2B5}.Debug|Any CPU.Build.0 = Debug|Any CPU
		{B547D0E1-0BF8-486A-BC32-B01E6CE7D2B5}.Release|Any CPU.ActiveCfg = Release|Any CPU
		{B547D0E1-0BF8-486A-BC32-B01E6CE7D2B5}.Release|Any CPU.Build.0 = Release|Any CPU
		{49CD59A1-9B74-4E44-80AB-976C53E1D8DA}.Debug|Any CPU.ActiveCfg = Debug|Any CPU
		{49CD59A1-9B74-4E44-80AB-976C53E1D8DA}.Debug|Any CPU.Build.0 = Debug|Any CPU
		{49CD59A1-9B74-4E44-80AB-976C53E1D8DA}.Release|Any CPU.ActiveCfg = Release|Any CPU
		{49CD59A1-9B74-4E44-80AB-976C53E1D8DA}.Release|Any CPU.Build.0 = Release|Any CPU
		{6CCFDD8A-39B0-4B54-AFD0-7C248570DC27}.Debug|Any CPU.ActiveCfg = Debug|Any CPU
		{6CCFDD8A-39B0-4B54-AFD0-7C248570DC27}.Debug|Any CPU.Build.0 = Debug|Any CPU
		{6CCFDD8A-39B0-4B54-AFD0-7C248570DC27}.Release|Any CPU.ActiveCfg = Release|Any CPU
		{6CCFDD8A-39B0-4B54-AFD0-7C248570DC27}.Release|Any CPU.Build.0 = Release|Any CPU
		{8D26B5B8-D113-41D2-AB2D-774B4AD0B0E3}.Debug|Any CPU.ActiveCfg = Debug|Any CPU
		{8D26B5B8-D113-41D2-AB2D-774B4AD0B0E3}.Debug|Any CPU.Build.0 = Debug|Any CPU
		{8D26B5B8-D113-41D2-AB2D-774B4AD0B0E3}.Release|Any CPU.ActiveCfg = Release|Any CPU
		{8D26B5B8-D113-41D2-AB2D-774B4AD0B0E3}.Release|Any CPU.Build.0 = Release|Any CPU
		{385D5BBC-00FB-4E46-9C09-D75B5DFD62C1}.Debug|Any CPU.ActiveCfg = Debug|Any CPU
		{385D5BBC-00FB-4E46-9C09-D75B5DFD62C1}.Debug|Any CPU.Build.0 = Debug|Any CPU
		{385D5BBC-00FB-4E46-9C09-D75B5DFD62C1}.Release|Any CPU.ActiveCfg = Release|Any CPU
		{385D5BBC-00FB-4E46-9C09-D75B5DFD62C1}.Release|Any CPU.Build.0 = Release|Any CPU
		{02C608B9-4B05-4BD4-8B84-5FC19476F12C}.Debug|Any CPU.ActiveCfg = Debug|Any CPU
		{02C608B9-4B05-4BD4-8B84-5FC19476F12C}.Debug|Any CPU.Build.0 = Debug|Any CPU
		{02C608B9-4B05-4BD4-8B84-5FC19476F12C}.Release|Any CPU.ActiveCfg = Release|Any CPU
		{02C608B9-4B05-4BD4-8B84-5FC19476F12C}.Release|Any CPU.Build.0 = Release|Any CPU
		{2213136D-CC52-484A-92EB-A8338FCAAAA5}.Debug|Any CPU.ActiveCfg = Debug|Any CPU
		{2213136D-CC52-484A-92EB-A8338FCAAAA5}.Debug|Any CPU.Build.0 = Debug|Any CPU
		{2213136D-CC52-484A-92EB-A8338FCAAAA5}.Release|Any CPU.ActiveCfg = Release|Any CPU
		{2213136D-CC52-484A-92EB-A8338FCAAAA5}.Release|Any CPU.Build.0 = Release|Any CPU
		{42A316E1-A8C7-44A0-B0B1-8AC8771F2B98}.Debug|Any CPU.ActiveCfg = Debug|Any CPU
		{42A316E1-A8C7-44A0-B0B1-8AC8771F2B98}.Debug|Any CPU.Build.0 = Debug|Any CPU
		{42A316E1-A8C7-44A0-B0B1-8AC8771F2B98}.Release|Any CPU.ActiveCfg = Release|Any CPU
		{42A316E1-A8C7-44A0-B0B1-8AC8771F2B98}.Release|Any CPU.Build.0 = Release|Any CPU
		{9B9E5C1F-CA1B-474A-A79C-DB1536C11C81}.Debug|Any CPU.ActiveCfg = Debug|Any CPU
		{9B9E5C1F-CA1B-474A-A79C-DB1536C11C81}.Debug|Any CPU.Build.0 = Debug|Any CPU
		{9B9E5C1F-CA1B-474A-A79C-DB1536C11C81}.Release|Any CPU.ActiveCfg = Release|Any CPU
		{9B9E5C1F-CA1B-474A-A79C-DB1536C11C81}.Release|Any CPU.Build.0 = Release|Any CPU
		{BCAB53B8-261B-4605-A4E0-2D6CFDABA98D}.Debug|Any CPU.ActiveCfg = Debug|Any CPU
		{BCAB53B8-261B-4605-A4E0-2D6CFDABA98D}.Debug|Any CPU.Build.0 = Debug|Any CPU
		{BCAB53B8-261B-4605-A4E0-2D6CFDABA98D}.Release|Any CPU.ActiveCfg = Release|Any CPU
		{BCAB53B8-261B-4605-A4E0-2D6CFDABA98D}.Release|Any CPU.Build.0 = Release|Any CPU
		{9198FB24-D258-4A2B-8B71-36AE29C9E77B}.Debug|Any CPU.ActiveCfg = Debug|Any CPU
		{9198FB24-D258-4A2B-8B71-36AE29C9E77B}.Debug|Any CPU.Build.0 = Debug|Any CPU
		{9198FB24-D258-4A2B-8B71-36AE29C9E77B}.Release|Any CPU.ActiveCfg = Release|Any CPU
		{9198FB24-D258-4A2B-8B71-36AE29C9E77B}.Release|Any CPU.Build.0 = Release|Any CPU
		{6A781380-2990-448D-B436-1C6EED93ADE0}.Debug|Any CPU.ActiveCfg = Debug|Any CPU
		{6A781380-2990-448D-B436-1C6EED93ADE0}.Debug|Any CPU.Build.0 = Debug|Any CPU
		{6A781380-2990-448D-B436-1C6EED93ADE0}.Release|Any CPU.ActiveCfg = Release|Any CPU
		{6A781380-2990-448D-B436-1C6EED93ADE0}.Release|Any CPU.Build.0 = Release|Any CPU
	EndGlobalSection
	GlobalSection(SolutionProperties) = preSolution
		HideSolutionNode = FALSE
	EndGlobalSection
	GlobalSection(NestedProjects) = preSolution
		{8D854064-00C1-45DC-8718-28355C828F1F} = {02EA681E-C7D8-13C7-8484-4AC65E1B71E8}
		{6335DFA9-603C-4BB2-8DE8-243BFB761817} = {02EA681E-C7D8-13C7-8484-4AC65E1B71E8}
		{E753827F-E593-40DE-B28C-F8F81BBCE2A1} = {02EA681E-C7D8-13C7-8484-4AC65E1B71E8}
		{B547D0E1-0BF8-486A-BC32-B01E6CE7D2B5} = {EDC97645-3E6D-4742-804D-312546C5117B}
		{49CD59A1-9B74-4E44-80AB-976C53E1D8DA} = {EDC97645-3E6D-4742-804D-312546C5117B}
		{6CCFDD8A-39B0-4B54-AFD0-7C248570DC27} = {EDC97645-3E6D-4742-804D-312546C5117B}
		{8D26B5B8-D113-41D2-AB2D-774B4AD0B0E3} = {28DE432A-575E-4AD6-A440-A2FD87BA6D29}
		{385D5BBC-00FB-4E46-9C09-D75B5DFD62C1} = {28DE432A-575E-4AD6-A440-A2FD87BA6D29}
		{02C608B9-4B05-4BD4-8B84-5FC19476F12C} = {28DE432A-575E-4AD6-A440-A2FD87BA6D29}
		{2213136D-CC52-484A-92EB-A8338FCAAAA5} = {B48AB388-7B24-4560-AC07-4E3611AF3391}
		{42A316E1-A8C7-44A0-B0B1-8AC8771F2B98} = {B48AB388-7B24-4560-AC07-4E3611AF3391}
		{9B9E5C1F-CA1B-474A-A79C-DB1536C11C81} = {B48AB388-7B24-4560-AC07-4E3611AF3391}
		{BCAB53B8-261B-4605-A4E0-2D6CFDABA98D} = {2D110C7A-F4D5-438F-AD77-84BFDE1AD3D7}
		{9198FB24-D258-4A2B-8B71-36AE29C9E77B} = {2D110C7A-F4D5-438F-AD77-84BFDE1AD3D7}
		{6A781380-2990-448D-B436-1C6EED93ADE0} = {2D110C7A-F4D5-438F-AD77-84BFDE1AD3D7}
	EndGlobalSection
	GlobalSection(ExtensibilityGlobals) = postSolution
		SolutionGuid = {218BBE66-45EA-49E2-9F9B-607E79E5E479}
	EndGlobalSection
EndGlobal
